# This file was autogenerated by uv via the following command:
#    uv pip compile -o requirements.lock requirements.txt
blinker==1.9.0
    # via flask
certifi==2025.10.5
    # via requests
charset-normalizer==3.4.4
    # via requests
click==8.1.8
    # via flask
colorama==0.4.6
    # via click
contourpy==1.3.0
    # via matplotlib
cycler==0.12.1
    # via matplotlib
filelock==3.19.1
    # via torch
flask==3.0.0
    # via -r requirements.txt
fonttools==4.60.1
    # via matplotlib
fsspec==2025.10.0
    # via torch
idna==3.11
    # via requests
importlib-metadata==8.7.0
    # via flask
importlib-resources==6.5.2
    # via matplotlib
itsdangerous==2.2.0
    # via flask
jinja2==3.1.6
    # via
    #   flask
    #   torch
kiwisolver==1.4.7
    # via matplotlib
markupsafe==3.0.3
    # via
    #   jinja2
    #   werkzeug
matplotlib==3.9.4
    # via ultralytics
mpmath==1.3.0
    # via sympy
networkx==3.2.1
    # via torch
numpy==2.0.2
    # via
    #   -r requirements.txt
    #   contourpy
    #   matplotlib
    #   opencv-python
    #   scipy
    #   torchvision
    #   ultralytics
    #   ultralytics-thop
opencv-python==4.12.0.88
    # via
    #   -r requirements.txt
    #   ultralytics
packaging==25.0
    # via matplotlib
pillow==10.4.0
    # via
    #   -r requirements.txt
    #   matplotlib
    #   torchvision
    #   ultralytics
polars==1.35.1
    # via ultralytics
polars-runtime-32==1.35.1
    # via polars
psutil==7.1.3
    # via ultralytics
pyparsing==3.2.5
    # via matplotlib
python-dateutil==2.9.0.post0
    # via matplotlib
pyyaml==6.0.3
    # via ultralytics
requests==2.31.0
    # via
    #   -r requirements.txt
    #   ultralytics
scipy==1.13.1
    # via ultralytics
six==1.17.0
    # via python-dateutil
sympy==1.14.0
    # via torch
torch==2.8.0
    # via
    #   torchvision
    #   ultralytics
    #   ultralytics-thop
torchvision==0.23.0
    # via ultralytics
typing-extensions==4.15.0
    # via torch
ultralytics==8.3.226
    # via -r requirements.txt
ultralytics-thop==2.0.18
    # via ultralytics
urllib3==2.5.0
    # via requests
werkzeug==3.1.3
    # via flask
zipp==3.23.0
    # via
    #   importlib-metadata
    #   importlib-resources
